
Microsoft Visual Studio Solution File, Format Version 12.00
# Visual Studio Version 17
VisualStudioVersion = 17.5.002.0
MinimumVisualStudioVersion = 10.0.40219.1
Project("{9A19103F-16F7-4668-BE54-9A1E7A4F7556}") = "func", "func.csproj", "{10BA11AC-F4AF-4F31-917B-45D90EF4AD05}"
EndProject
Global
	GlobalSection(SolutionConfigurationPlatforms) = preSolution
		Debug|Any CPU = Debug|Any CPU
		Release|Any CPU = Release|Any CPU
	EndGlobalSection
	GlobalSection(ProjectConfigurationPlatforms) = postSolution
		{10BA11AC-F4AF-4F31-917B-45D90EF4AD05}.Debug|Any CPU.ActiveCfg = Debug|Any CPU
		{10BA11AC-F4AF-4F31-917B-45D90EF4AD05}.Debug|Any CPU.Build.0 = Debug|Any CPU
		{10BA11AC-F4AF-4F31-917B-45D90EF4AD05}.Release|Any CPU.ActiveCfg = Release|Any CPU
		{10BA11AC-F4AF-4F31-917B-45D90EF4AD05}.Release|Any CPU.Build.0 = Release|Any CPU
	EndGlobalSection
	GlobalSection(SolutionProperties) = preSolution
		HideSolutionNode = FALSE
	EndGlobalSection
	GlobalSection(ExtensibilityGlobals) = postSolution
		SolutionGuid = {C75CFAC4-7E33-4D9F-AA4B-CA2F6E7FADC3}
	EndGlobalSection
EndGlobal
